
Microsoft Visual Studio Solution File, Format Version 12.00
# Visual Studio Version 17
VisualStudioVersion = 17.0.32014.148
MinimumVisualStudioVersion = 10.0.40219.1
Project("{9A19103F-16F7-4668-BE54-9A1E7A4F7556}") = "XMLParserOL", "XMLParserOL\XMLParserOL.csproj", "{0C5EBDD7-A109-4FA3-8F25-31DEB7B8C8E5}"
EndProject
Project("{9A19103F-16F7-4668-BE54-9A1E7A4F7556}") = "XMLParserOL UI", "XMLParserOL UI\XMLParserOL UI.csproj", "{A6B85AF1-BA3C-4941-BB11-D140C7316FAC}"
EndProject
Global
	GlobalSection(SolutionConfigurationPlatforms) = preSolution
		Debug|Any CPU = Debug|Any CPU
		Release|Any CPU = Release|Any CPU
	EndGlobalSection
	GlobalSection(ProjectConfigurationPlatforms) = postSolution
		{0C5EBDD7-A109-4FA3-8F25-31DEB7B8C8E5}.Debug|Any CPU.ActiveCfg = Debug|Any CPU
		{0C5EBDD7-A109-4FA3-8F25-31DEB7B8C8E5}.Debug|Any CPU.Build.0 = Debug|Any CPU
		{0C5EBDD7-A109-4FA3-8F25-31DEB7B8C8E5}.Release|Any CPU.ActiveCfg = Release|Any CPU
		{0C5EBDD7-A109-4FA3-8F25-31DEB7B8C8E5}.Release|Any CPU.Build.0 = Release|Any CPU
		{A6B85AF1-BA3C-4941-BB11-D140C7316FAC}.Debug|Any CPU.ActiveCfg = Debug|Any CPU
		{A6B85AF1-BA3C-4941-BB11-D140C7316FAC}.Debug|Any CPU.Build.0 = Debug|Any CPU
		{A6B85AF1-BA3C-4941-BB11-D140C7316FAC}.Release|Any CPU.ActiveCfg = Release|Any CPU
		{A6B85AF1-BA3C-4941-BB11-D140C7316FAC}.Release|Any CPU.Build.0 = Release|Any CPU
	EndGlobalSection
	GlobalSection(SolutionProperties) = preSolution
		HideSolutionNode = FALSE
	EndGlobalSection
	GlobalSection(ExtensibilityGlobals) = postSolution
		SolutionGuid = {B741C809-3241-46ED-BE13-E11AE1BB36FD}
	EndGlobalSection
EndGlobal
